// !$*UTF8*$!
{
	archiveVersion = 1;
	classes = {
	};
	objectVersion = 48;
	objects = {

/* Begin PBXBuildFile section */
		9770EBFF20159426009D37FD /* main.m in Sources */ = {isa = PBXBuildFile; fileRef = 9770EBFE20159426009D37FD /* main.m */; };
		9770EC0720159443009D37FD /* InputCollector.m in Sources */ = {isa = PBXBuildFile; fileRef = 9770EC0620159443009D37FD /* InputCollector.m */; };
		9770EC0A2015A42D009D37FD /* Contact.m in Sources */ = {isa = PBXBuildFile; fileRef = 9770EC092015A42D009D37FD /* Contact.m */; };
		9770EC0D2015B792009D37FD /* ContactList.m in Sources */ = {isa = PBXBuildFile; fileRef = 9770EC0C2015B792009D37FD /* ContactList.m */; };
/* End PBXBuildFile section */

/* Begin PBXCopyFilesBuildPhase section */
		9770EBF920159426009D37FD /* CopyFiles */ = {
			isa = PBXCopyFilesBuildPhase;
			buildActionMask = 2147483647;
			dstPath = /usr/share/man/man1/;
			dstSubfolderSpec = 0;
			files = (
			);
			runOnlyForDeploymentPostprocessing = 1;
		};
/* End PBXCopyFilesBuildPhase section */

/* Begin PBXFileReference section */
		9770EBFB20159426009D37FD /* Contact List */ = {isa = PBXFileReference; explicitFileType = "compiled.mach-o.executable"; includeInIndex = 0; path = "Contact List"; sourceTree = BUILT_PRODUCTS_DIR; };
		9770EBFE20159426009D37FD /* main.m */ = {isa = PBXFileReference; lastKnownFileType = sourcecode.c.objc; path = main.m; sourceTree = "<group>"; };
		9770EC0520159443009D37FD /* InputCollector.h */ = {isa = PBXFileReference; lastKnownFileType = sourcecode.c.h; path = InputCollector.h; sourceTree = "<group>"; };
		9770EC0620159443009D37FD /* InputCollector.m */ = {isa = PBXFileReference; lastKnownFileType = sourcecode.c.objc; path = InputCollector.m; sourceTree = "<group>"; };
		9770EC082015A42D009D37FD /* Contact.h */ = {isa = PBXFileReference; lastKnownFileType = sourcecode.c.h; path = Contact.h; sourceTree = "<group>"; };
		9770EC092015A42D009D37FD /* Contact.m */ = {isa = PBXFileReference; lastKnownFileType = sourcecode.c.objc; path = Contact.m; sourceTree = "<group>"; };
		9770EC0B2015B792009D37FD /* ContactList.h */ = {isa = PBXFileReference; lastKnownFileType = sourcecode.c.h; path = ContactList.h; sourceTree = "<group>"; };
		9770EC0C2015B792009D37FD /* ContactList.m */ = {isa = PBXFileReference; lastKnownFileType = sourcecode.c.objc; path = ContactList.m; sourceTree = "<group>"; };
/* End PBXFileReference section */

/* Begin PBXFrameworksBuildPhase section */
		9770EBF820159426009D37FD /* Frameworks */ = {
			isa = PBXFrameworksBuildPhase;
			buildActionMask = 2147483647;
			files = (
			);
			runOnlyForDeploymentPostprocessing = 0;
		};
/* End PBXFrameworksBuildPhase section */

/* Begin PBXGroup section */
		9770EBF220159426009D37FD = {
			isa = PBXGroup;
			children = (
				9770EBFD20159426009D37FD /* Contact List */,
				9770EBFC20159426009D37FD /* Products */,
			);
			sourceTree = "<group>";
		};
		9770EBFC20159426009D37FD /* Products */ = {
			isa = PBXGroup;
			children = (
				9770EBFB20159426009D37FD /* Contact List */,
			);
			name = Products;
			sourceTree = "<group>";
		};
		9770EBFD20159426009D37FD /* Contact List */ = {
			isa = PBXGroup;
			children = (
				9770EBFE20159426009D37FD /* main.m */,
				9770EC0B2015B792009D37FD /* ContactList.h */,
				9770EC0C2015B792009D37FD /* ContactList.m */,
				9770EC0520159443009D37FD /* InputCollector.h */,
				9770EC0620159443009D37FD /* InputCollector.m */,
				9770EC082015A42D009D37FD /* Contact.h */,
				9770EC092015A42D009D37FD /* Contact.m */,
			);
			path = "Contact List";
			sourceTree = "<group>";
		};
/* End PBXGroup section */

/* Begin PBXNativeTarget section */
		9770EBFA20159426009D37FD /* Contact List */ = {
			isa = PBXNativeTarget;
			buildConfigurationList = 9770EC0220159426009D37FD /* Build configuration list for PBXNativeTarget "Contact List" */;
			buildPhases = (
				9770EBF720159426009D37FD /* Sources */,
				9770EBF820159426009D37FD /* Frameworks */,
				9770EBF920159426009D37FD /* CopyFiles */,
			);
			buildRules = (
			);
			dependencies = (
			);
			name = "Contact List";
			productName = "Contact List";
			productReference = 9770EBFB20159426009D37FD /* Contact List */;
			productType = "com.apple.product-type.tool";
		};
/* End PBXNativeTarget section */

/* Begin PBXProject section */
		9770EBF320159426009D37FD /* Project object */ = {
			isa = PBXProject;
			attributes = {
				LastUpgradeCheck = 0920;
				ORGANIZATIONNAME = "Aaron Chong";
				TargetAttributes = {
					9770EBFA20159426009D37FD = {
						CreatedOnToolsVersion = 9.2;
						ProvisioningStyle = Automatic;
					};
				};
			};
			buildConfigurationList = 9770EBF620159426009D37FD /* Build configuration list for PBXProject "Contact List" */;
			compatibilityVersion = "Xcode 8.0";
			developmentRegion = en;
			hasScannedForEncodings = 0;
			knownRegions = (
				en,
			);
			mainGroup = 9770EBF220159426009D37FD;
			productRefGroup = 9770EBFC20159426009D37FD /* Products */;
			projectDirPath = "";
			projectRoot = "";
			targets = (
				9770EBFA20159426009D37FD /* Contact List */,
			);
		};
/* End PBXProject section */

/* Begin PBXSourcesBuildPhase section */
		9770EBF720159426009D37FD /* Sources */ = {
			isa = PBXSourcesBuildPhase;
			buildActionMask = 2147483647;
			files = (
				9770EC0D2015B792009D37FD /* ContactList.m in Sources */,
				9770EC0720159443009D37FD /* InputCollector.m in Sources */,
				9770EC0A2015A42D009D37FD /* Contact.m in Sources */,
				9770EBFF20159426009D37FD /* main.m in Sources */,
			);
			runOnlyForDeploymentPostprocessing = 0;
		};
/* End PBXSourcesBuildPhase section */

/* Begin XCBuildConfiguration section */
		9770EC0020159426009D37FD /* Debug */ = {
			isa = XCBuildConfiguration;
			buildSettings = {
				ALWAYS_SEARCH_USER_PATHS = NO;
				CLANG_ANALYZER_NONNULL = YES;
				CLANG_ANALYZER_NUMBER_OBJECT_CONVERSION = YES_AGGRESSIVE;
				CLANG_CXX_LANGUAGE_STANDARD = "gnu++14";
				CLANG_CXX_LIBRARY = "libc++";
				CLANG_ENABLE_MODULES = YES;
				CLANG_ENABLE_OBJC_ARC = YES;
				CLANG_WARN_BLOCK_CAPTURE_AUTORELEASING = YES;
				CLANG_WARN_BOOL_CONVERSION = YES;
				CLANG_WARN_COMMA = YES;
				CLANG_WARN_CONSTANT_CONVERSION = YES;
				CLANG_WARN_DIRECT_OBJC_ISA_USAGE = YES_ERROR;
				CLANG_WARN_DOCUMENTATION_COMMENTS = YES;
				CLANG_WARN_EMPTY_BODY = YES;
				CLANG_WARN_ENUM_CONVERSION = YES;
				CLANG_WARN_INFINITE_RECURSION = YES;
				CLANG_WARN_INT_CONVERSION = YES;
				CLANG_WARN_NON_LITERAL_NULL_CONVERSION = YES;
				CLANG_WARN_OBJC_LITERAL_CONVERSION = YES;
				CLANG_WARN_OBJC_ROOT_CLASS = YES_ERROR;
				CLANG_WARN_RANGE_LOOP_ANALYSIS = YES;
				CLANG_WARN_STRICT_PROTOTYPES = YES;
				CLANG_WARN_SUSPICIOUS_MOVE = YES;
				CLANG_WARN_UNGUARDED_AVAILABILITY = YES_AGGRESSIVE;
				CLANG_WARN_UNREACHABLE_CODE = YES;
				CLANG_WARN__DUPLICATE_METHOD_MATCH = YES;
				CODE_SIGN_IDENTITY = "-";
				COPY_PHASE_STRIP = NO;
				DEBUG_INFORMATION_FORMAT = dwarf;
				ENABLE_STRICT_OBJC_MSGSEND = YES;
				ENABLE_TESTABILITY = YES;
				GCC_C_LANGUAGE_STANDARD = gnu11;
				GCC_DYNAMIC_NO_PIC = NO;
				GCC_NO_COMMON_BLOCKS = YES;
				GCC_OPTIMIZATION_LEVEL = 0;
				GCC_PREPROCESSOR_DEFINITIONS = (
					"DEBUG=1",
					"$(inherited)",
				);
				GCC_WARN_64_TO_32_BIT_CONVERSION = YES;
				GCC_WARN_ABOUT_RETURN_TYPE = YES_ERROR;
				GCC_WARN_UNDECLARED_SELECTOR = YES;
				GCC_WARN_UNINITIALIZED_AUTOS = YES_AGGRESSIVE;
				GCC_WARN_UNUSED_FUNCTION = YES;
				GCC_WARN_UNUSED_VARIABLE = YES;
				MACOSX_DEPLOYMENT_TARGET = 10.13;
				MTL_ENABLE_DEBUG_INFO = YES;
				ONLY_ACTIVE_ARCH = YES;
				SDKROOT = macosx;
			};
			name = Debug;
		};
		9770EC0120159426009D37FD /* Release */ = {
			isa = XCBuildConfiguration;
			buildSettings = {
				ALWAYS_SEARCH_USER_PATHS = NO;
				CLANG_ANALYZER_NONNULL = YES;
				CLANG_ANALYZER_NUMBER_OBJECT_CONVERSION = YES_AGGRESSIVE;
				CLANG_CXX_LANGUAGE_STANDARD = "gnu++14";
				CLANG_CXX_LIBRARY = "libc++";
				CLANG_ENABLE_MODULES = YES;
				CLANG_ENABLE_OBJC_ARC = YES;
				CLANG_WARN_BLOCK_CAPTURE_AUTORELEASING = YES;
				CLANG_WARN_BOOL_CONVERSION = YES;
				CLANG_WARN_COMMA = YES;
				CLANG_WARN_CONSTANT_CONVERSION = YES;
				CLANG_WARN_DIRECT_OBJC_ISA_USAGE = YES_ERROR;
				CLANG_WARN_DOCUMENTATION_COMMENTS = YES;
				CLANG_WARN_EMPTY_BODY = YES;
				CLANG_WARN_ENUM_CONVERSION = YES;
				CLANG_WARN_INFINITE_RECURSION = YES;
				CLANG_WARN_INT_CONVERSION = YES;
				CLANG_WARN_NON_LITERAL_NULL_CONVERSION = YES;
				CLANG_WARN_OBJC_LITERAL_CONVERSION = YES;
				CLANG_WARN_OBJC_ROOT_CLASS = YES_ERROR;
				CLANG_WARN_RANGE_LOOP_ANALYSIS = YES;
				CLANG_WARN_STRICT_PROTOTYPES = YES;
				CLANG_WARN_SUSPICIOUS_MOVE = YES;
				CLANG_WARN_UNGUARDED_AVAILABILITY = YES_AGGRESSIVE;
				CLANG_WARN_UNREACHABLE_CODE = YES;
				CLANG_WARN__DUPLICATE_METHOD_MATCH = YES;
				CODE_SIGN_IDENTITY = "-";
				COPY_PHASE_STRIP = NO;
				DEBUG_INFORMATION_FORMAT = "dwarf-with-dsym";
				ENABLE_NS_ASSERTIONS = NO;
				ENABLE_STRICT_OBJC_MSGSEND = YES;
				GCC_C_LANGUAGE_STANDARD = gnu11;
				GCC_NO_COMMON_BLOCKS = YES;
				GCC_WARN_64_TO_32_BIT_CONVERSION = YES;
				GCC_WARN_ABOUT_RETURN_TYPE = YES_ERROR;
				GCC_WARN_UNDECLARED_SELECTOR = YES;
				GCC_WARN_UNINITIALIZED_AUTOS = YES_AGGRESSIVE;
				GCC_WARN_UNUSED_FUNCTION = YES;
				GCC_WARN_UNUSED_VARIABLE = YES;
				MACOSX_DEPLOYMENT_TARGET = 10.13;
				MTL_ENABLE_DEBUG_INFO = NO;
				SDKROOT = macosx;
			};
			name = Release;
		};
		9770EC0320159426009D37FD /* Debug */ = {
			isa = XCBuildConfiguration;
			buildSettings = {
				CODE_SIGN_STYLE = Automatic;
				PRODUCT_NAME = "$(TARGET_NAME)";
			};
			name = Debug;
		};
		9770EC0420159426009D37FD /* Release */ = {
			isa = XCBuildConfiguration;
			buildSettings = {
				CODE_SIGN_STYLE = Automatic;
				PRODUCT_NAME = "$(TARGET_NAME)";
			};
			name = Release;
		};
/* End XCBuildConfiguration section */

/* Begin XCConfigurationList section */
		9770EBF620159426009D37FD /* Build configuration list for PBXProject "Contact List" */ = {
			isa = XCConfigurationList;
			buildConfigurations = (
				9770EC0020159426009D37FD /* Debug */,
				9770EC0120159426009D37FD /* Release */,
			);
			defaultConfigurationIsVisible = 0;
			defaultConfigurationName = Release;
		};
		9770EC0220159426009D37FD /* Build configuration list for PBXNativeTarget "Contact List" */ = {
			isa = XCConfigurationList;
			buildConfigurations = (
				9770EC0320159426009D37FD /* Debug */,
				9770EC0420159426009D37FD /* Release */,
			);
			defaultConfigurationIsVisible = 0;
			defaultConfigurationName = Release;
		};
/* End XCConfigurationList section */
	};
	rootObject = 9770EBF320159426009D37FD /* Project object */;
}
